
Microsoft Visual Studio Solution File, Format Version 12.00
# Visual Studio Version 17
VisualStudioVersion = 17.4.33213.308
MinimumVisualStudioVersion = 10.0.40219.1
Project("{D954291E-2A0B-460D-934E-DC6B0785DB48}") = "SampleComboBoxFlyout.Shared", "SampleComboBoxFlyout\SampleComboBoxFlyout.Shared\SampleComboBoxFlyout.Shared.shproj", "{6279C845-92F8-4333-AB99-3D213163593C}"
EndProject
Project("{2150E333-8FDC-42A3-9474-1A3956D46DE8}") = "Platforms", "Platforms", "{14435C4C-D5B1-4900-B25C-4BF4AF5E0FD4}"
EndProject
Project("{FAE04EC0-301F-11D3-BF4B-00C04F79EFBC}") = "SampleComboBoxFlyout.Droid", "SampleComboBoxFlyout\SampleComboBoxFlyout.Droid\SampleComboBoxFlyout.Droid.csproj", "{2BDFD6AE-CFE8-4272-AB15-3BC648CB900F}"
EndProject
Project("{FAE04EC0-301F-11D3-BF4B-00C04F79EFBC}") = "SampleComboBoxFlyout.iOS", "SampleComboBoxFlyout\SampleComboBoxFlyout.iOS\SampleComboBoxFlyout.iOS.csproj", "{ED59EE8A-908D-4189-A89E-1234793789A6}"
EndProject
Project("{FAE04EC0-301F-11D3-BF4B-00C04F79EFBC}") = "SampleComboBoxFlyout.UWP", "SampleComboBoxFlyout\SampleComboBoxFlyout.UWP\SampleComboBoxFlyout.UWP.csproj", "{C83F7C07-1AFF-4015-8A95-5152368F093B}"
EndProject
Project("{FAE04EC0-301F-11D3-BF4B-00C04F79EFBC}") = "SampleComboBoxFlyout.Wasm", "SampleComboBoxFlyout\SampleComboBoxFlyout.Wasm\SampleComboBoxFlyout.Wasm.csproj", "{D1C2379B-845F-4D6D-93EE-D717602A94D4}"
EndProject
Project("{FAE04EC0-301F-11D3-BF4B-00C04F79EFBC}") = "SampleComboBoxFlyout.macOS", "SampleComboBoxFlyout\SampleComboBoxFlyout.macOS\SampleComboBoxFlyout.macOS.csproj", "{F6A19049-3862-47B2-AEFA-CB62422EDDE4}"
EndProject
Project("{FAE04EC0-301F-11D3-BF4B-00C04F79EFBC}") = "SampleComboBoxFlyout.Skia.Wpf.Host", "SampleComboBoxFlyout\SampleComboBoxFlyout.Skia.Wpf.Host\SampleComboBoxFlyout.Skia.Wpf.Host.csproj", "{0D823F40-064F-42B9-B4DB-EBB5E79FFED3}"
EndProject
Project("{FAE04EC0-301F-11D3-BF4B-00C04F79EFBC}") = "SampleComboBoxFlyout.Skia.Wpf", "SampleComboBoxFlyout\SampleComboBoxFlyout.Skia.Wpf\SampleComboBoxFlyout.Skia.Wpf.csproj", "{9B66FF38-E937-4DB8-978E-42EED0997CA6}"
EndProject
Project("{FAE04EC0-301F-11D3-BF4B-00C04F79EFBC}") = "SampleComboBoxFlyout.Skia.Gtk", "SampleComboBoxFlyout\SampleComboBoxFlyout.Skia.Gtk\SampleComboBoxFlyout.Skia.Gtk.csproj", "{2F11E63A-E5AA-40CA-9A3F-68964B9F8BC1}"
EndProject
Project("{FAE04EC0-301F-11D3-BF4B-00C04F79EFBC}") = "SampleComboBoxFlyout.Skia.Tizen", "SampleComboBoxFlyout\SampleComboBoxFlyout.Skia.Tizen\SampleComboBoxFlyout.Skia.Tizen.csproj", "{26E81F5C-351B-41B2-802C-25E928D81EBB}"
EndProject
Global
	GlobalSection(SolutionConfigurationPlatforms) = preSolution
		Ad-Hoc|Any CPU = Ad-Hoc|Any CPU
		Ad-Hoc|ARM = Ad-Hoc|ARM
		Ad-Hoc|ARM64 = Ad-Hoc|ARM64
		Ad-Hoc|iPhone = Ad-Hoc|iPhone
		Ad-Hoc|iPhoneSimulator = Ad-Hoc|iPhoneSimulator
		Ad-Hoc|x64 = Ad-Hoc|x64
		Ad-Hoc|x86 = Ad-Hoc|x86
		AppStore|Any CPU = AppStore|Any CPU
		AppStore|ARM = AppStore|ARM
		AppStore|ARM64 = AppStore|ARM64
		AppStore|iPhone = AppStore|iPhone
		AppStore|iPhoneSimulator = AppStore|iPhoneSimulator
		AppStore|x64 = AppStore|x64
		AppStore|x86 = AppStore|x86
		Debug|Any CPU = Debug|Any CPU
		Debug|ARM = Debug|ARM
		Debug|ARM64 = Debug|ARM64
		Debug|iPhone = Debug|iPhone
		Debug|iPhoneSimulator = Debug|iPhoneSimulator
		Debug|x64 = Debug|x64
		Debug|x86 = Debug|x86
		Release|Any CPU = Release|Any CPU
		Release|ARM = Release|ARM
		Release|ARM64 = Release|ARM64
		Release|iPhone = Release|iPhone
		Release|iPhoneSimulator = Release|iPhoneSimulator
		Release|x64 = Release|x64
		Release|x86 = Release|x86
	EndGlobalSection
	GlobalSection(ProjectConfigurationPlatforms) = postSolution
		{2BDFD6AE-CFE8-4272-AB15-3BC648CB900F}.Ad-Hoc|Any CPU.ActiveCfg = Debug|Any CPU
		{2BDFD6AE-CFE8-4272-AB15-3BC648CB900F}.Ad-Hoc|Any CPU.Build.0 = Debug|Any CPU
		{2BDFD6AE-CFE8-4272-AB15-3BC648CB900F}.Ad-Hoc|Any CPU.Deploy.0 = Debug|Any CPU
		{2BDFD6AE-CFE8-4272-AB15-3BC648CB900F}.Ad-Hoc|ARM.ActiveCfg = Debug|Any CPU
		{2BDFD6AE-CFE8-4272-AB15-3BC648CB900F}.Ad-Hoc|ARM.Build.0 = Debug|Any CPU
		{2BDFD6AE-CFE8-4272-AB15-3BC648CB900F}.Ad-Hoc|ARM.Deploy.0 = Debug|Any CPU
		{2BDFD6AE-CFE8-4272-AB15-3BC648CB900F}.Ad-Hoc|ARM64.ActiveCfg = Debug|Any CPU
		{2BDFD6AE-CFE8-4272-AB15-3BC648CB900F}.Ad-Hoc|ARM64.Build.0 = Debug|Any CPU
		{2BDFD6AE-CFE8-4272-AB15-3BC648CB900F}.Ad-Hoc|ARM64.Deploy.0 = Debug|Any CPU
		{2BDFD6AE-CFE8-4272-AB15-3BC648CB900F}.Ad-Hoc|iPhone.ActiveCfg = Debug|Any CPU
		{2BDFD6AE-CFE8-4272-AB15-3BC648CB900F}.Ad-Hoc|iPhone.Build.0 = Debug|Any CPU
		{2BDFD6AE-CFE8-4272-AB15-3BC648CB900F}.Ad-Hoc|iPhone.Deploy.0 = Debug|Any CPU
		{2BDFD6AE-CFE8-4272-AB15-3BC648CB900F}.Ad-Hoc|iPhoneSimulator.ActiveCfg = Debug|Any CPU
		{2BDFD6AE-CFE8-4272-AB15-3BC648CB900F}.Ad-Hoc|iPhoneSimulator.Build.0 = Debug|Any CPU
		{2BDFD6AE-CFE8-4272-AB15-3BC648CB900F}.Ad-Hoc|iPhoneSimulator.Deploy.0 = Debug|Any CPU
		{2BDFD6AE-CFE8-4272-AB15-3BC648CB900F}.Ad-Hoc|x64.ActiveCfg = Debug|Any CPU
		{2BDFD6AE-CFE8-4272-AB15-3BC648CB900F}.Ad-Hoc|x64.Build.0 = Debug|Any CPU
		{2BDFD6AE-CFE8-4272-AB15-3BC648CB900F}.Ad-Hoc|x64.Deploy.0 = Debug|Any CPU
		{2BDFD6AE-CFE8-4272-AB15-3BC648CB900F}.Ad-Hoc|x86.ActiveCfg = Debug|Any CPU
		{2BDFD6AE-CFE8-4272-AB15-3BC648CB900F}.Ad-Hoc|x86.Build.0 = Debug|Any CPU
		{2BDFD6AE-CFE8-4272-AB15-3BC648CB900F}.Ad-Hoc|x86.Deploy.0 = Debug|Any CPU
		{2BDFD6AE-CFE8-4272-AB15-3BC648CB900F}.AppStore|Any CPU.ActiveCfg = Debug|Any CPU
		{2BDFD6AE-CFE8-4272-AB15-3BC648CB900F}.AppStore|Any CPU.Build.0 = Debug|Any CPU
		{2BDFD6AE-CFE8-4272-AB15-3BC648CB900F}.AppStore|Any CPU.Deploy.0 = Debug|Any CPU
		{2BDFD6AE-CFE8-4272-AB15-3BC648CB900F}.AppStore|ARM.ActiveCfg = Debug|Any CPU
		{2BDFD6AE-CFE8-4272-AB15-3BC648CB900F}.AppStore|ARM.Build.0 = Debug|Any CPU
		{2BDFD6AE-CFE8-4272-AB15-3BC648CB900F}.AppStore|ARM.Deploy.0 = Debug|Any CPU
		{2BDFD6AE-CFE8-4272-AB15-3BC648CB900F}.AppStore|ARM64.ActiveCfg = Debug|Any CPU
		{2BDFD6AE-CFE8-4272-AB15-3BC648CB900F}.AppStore|ARM64.Build.0 = Debug|Any CPU
		{2BDFD6AE-CFE8-4272-AB15-3BC648CB900F}.AppStore|ARM64.Deploy.0 = Debug|Any CPU
		{2BDFD6AE-CFE8-4272-AB15-3BC648CB900F}.AppStore|iPhone.ActiveCfg = Debug|Any CPU
		{2BDFD6AE-CFE8-4272-AB15-3BC648CB900F}.AppStore|iPhone.Build.0 = Debug|Any CPU
		{2BDFD6AE-CFE8-4272-AB15-3BC648CB900F}.AppStore|iPhone.Deploy.0 = Debug|Any CPU
		{2BDFD6AE-CFE8-4272-AB15-3BC648CB900F}.AppStore|iPhoneSimulator.ActiveCfg = Debug|Any CPU
		{2BDFD6AE-CFE8-4272-AB15-3BC648CB900F}.AppStore|iPhoneSimulator.Build.0 = Debug|Any CPU
		{2BDFD6AE-CFE8-4272-AB15-3BC648CB900F}.AppStore|iPhoneSimulator.Deploy.0 = Debug|Any CPU
		{2BDFD6AE-CFE8-4272-AB15-3BC648CB900F}.AppStore|x64.ActiveCfg = Debug|Any CPU
		{2BDFD6AE-CFE8-4272-AB15-3BC648CB900F}.AppStore|x64.Build.0 = Debug|Any CPU
		{2BDFD6AE-CFE8-4272-AB15-3BC648CB900F}.AppStore|x64.Deploy.0 = Debug|Any CPU
		{2BDFD6AE-CFE8-4272-AB15-3BC648CB900F}.AppStore|x86.ActiveCfg = Debug|Any CPU
		{2BDFD6AE-CFE8-4272-AB15-3BC648CB900F}.AppStore|x86.Build.0 = Debug|Any CPU
		{2BDFD6AE-CFE8-4272-AB15-3BC648CB900F}.AppStore|x86.Deploy.0 = Debug|Any CPU
		{2BDFD6AE-CFE8-4272-AB15-3BC648CB900F}.Debug|Any CPU.ActiveCfg = Debug|Any CPU
		{2BDFD6AE-CFE8-4272-AB15-3BC648CB900F}.Debug|Any CPU.Build.0 = Debug|Any CPU
		{2BDFD6AE-CFE8-4272-AB15-3BC648CB900F}.Debug|Any CPU.Deploy.0 = Debug|Any CPU
		{2BDFD6AE-CFE8-4272-AB15-3BC648CB900F}.Debug|ARM.ActiveCfg = Debug|Any CPU
		{2BDFD6AE-CFE8-4272-AB15-3BC648CB900F}.Debug|ARM.Build.0 = Debug|Any CPU
		{2BDFD6AE-CFE8-4272-AB15-3BC648CB900F}.Debug|ARM.Deploy.0 = Debug|Any CPU
		{2BDFD6AE-CFE8-4272-AB15-3BC648CB900F}.Debug|ARM64.ActiveCfg = Debug|Any CPU
		{2BDFD6AE-CFE8-4272-AB15-3BC648CB900F}.Debug|ARM64.Build.0 = Debug|Any CPU
		{2BDFD6AE-CFE8-4272-AB15-3BC648CB900F}.Debug|ARM64.Deploy.0 = Debug|Any CPU
		{2BDFD6AE-CFE8-4272-AB15-3BC648CB900F}.Debug|iPhone.ActiveCfg = Debug|Any CPU
		{2BDFD6AE-CFE8-4272-AB15-3BC648CB900F}.Debug|iPhone.Build.0 = Debug|Any CPU
		{2BDFD6AE-CFE8-4272-AB15-3BC648CB900F}.Debug|iPhone.Deploy.0 = Debug|Any CPU
		{2BDFD6AE-CFE8-4272-AB15-3BC648CB900F}.Debug|iPhoneSimulator.ActiveCfg = Debug|Any CPU
		{2BDFD6AE-CFE8-4272-AB15-3BC648CB900F}.Debug|iPhoneSimulator.Build.0 = Debug|Any CPU
		{2BDFD6AE-CFE8-4272-AB15-3BC648CB900F}.Debug|iPhoneSimulator.Deploy.0 = Debug|Any CPU
		{2BDFD6AE-CFE8-4272-AB15-3BC648CB900F}.Debug|x64.ActiveCfg = Debug|Any CPU
		{2BDFD6AE-CFE8-4272-AB15-3BC648CB900F}.Debug|x64.Build.0 = Debug|Any CPU
		{2BDFD6AE-CFE8-4272-AB15-3BC648CB900F}.Debug|x64.Deploy.0 = Debug|Any CPU
		{2BDFD6AE-CFE8-4272-AB15-3BC648CB900F}.Debug|x86.ActiveCfg = Debug|Any CPU
		{2BDFD6AE-CFE8-4272-AB15-3BC648CB900F}.Debug|x86.Build.0 = Debug|Any CPU
		{2BDFD6AE-CFE8-4272-AB15-3BC648CB900F}.Debug|x86.Deploy.0 = Debug|Any CPU
		{2BDFD6AE-CFE8-4272-AB15-3BC648CB900F}.Release|Any CPU.ActiveCfg = Release|Any CPU
		{2BDFD6AE-CFE8-4272-AB15-3BC648CB900F}.Release|Any CPU.Build.0 = Release|Any CPU
		{2BDFD6AE-CFE8-4272-AB15-3BC648CB900F}.Release|Any CPU.Deploy.0 = Release|Any CPU
		{2BDFD6AE-CFE8-4272-AB15-3BC648CB900F}.Release|ARM.ActiveCfg = Release|Any CPU
		{2BDFD6AE-CFE8-4272-AB15-3BC648CB900F}.Release|ARM.Build.0 = Release|Any CPU
		{2BDFD6AE-CFE8-4272-AB15-3BC648CB900F}.Release|ARM.Deploy.0 = Release|Any CPU
		{2BDFD6AE-CFE8-4272-AB15-3BC648CB900F}.Release|ARM64.ActiveCfg = Release|Any CPU
		{2BDFD6AE-CFE8-4272-AB15-3BC648CB900F}.Release|ARM64.Build.0 = Release|Any CPU
		{2BDFD6AE-CFE8-4272-AB15-3BC648CB900F}.Release|ARM64.Deploy.0 = Release|Any CPU
		{2BDFD6AE-CFE8-4272-AB15-3BC648CB900F}.Release|iPhone.ActiveCfg = Release|Any CPU
		{2BDFD6AE-CFE8-4272-AB15-3BC648CB900F}.Release|iPhone.Build.0 = Release|Any CPU
		{2BDFD6AE-CFE8-4272-AB15-3BC648CB900F}.Release|iPhone.Deploy.0 = Release|Any CPU
		{2BDFD6AE-CFE8-4272-AB15-3BC648CB900F}.Release|iPhoneSimulator.ActiveCfg = Release|Any CPU
		{2BDFD6AE-CFE8-4272-AB15-3BC648CB900F}.Release|iPhoneSimulator.Build.0 = Release|Any CPU
		{2BDFD6AE-CFE8-4272-AB15-3BC648CB900F}.Release|iPhoneSimulator.Deploy.0 = Release|Any CPU
		{2BDFD6AE-CFE8-4272-AB15-3BC648CB900F}.Release|x64.ActiveCfg = Release|Any CPU
		{2BDFD6AE-CFE8-4272-AB15-3BC648CB900F}.Release|x64.Build.0 = Release|Any CPU
		{2BDFD6AE-CFE8-4272-AB15-3BC648CB900F}.Release|x64.Deploy.0 = Release|Any CPU
		{2BDFD6AE-CFE8-4272-AB15-3BC648CB900F}.Release|x86.ActiveCfg = Release|Any CPU
		{2BDFD6AE-CFE8-4272-AB15-3BC648CB900F}.Release|x86.Build.0 = Release|Any CPU
		{2BDFD6AE-CFE8-4272-AB15-3BC648CB900F}.Release|x86.Deploy.0 = Release|Any CPU
		{ED59EE8A-908D-4189-A89E-1234793789A6}.Ad-Hoc|Any CPU.ActiveCfg = Ad-Hoc|iPhoneSimulator
		{ED59EE8A-908D-4189-A89E-1234793789A6}.Ad-Hoc|Any CPU.Build.0 = Ad-Hoc|iPhoneSimulator
		{ED59EE8A-908D-4189-A89E-1234793789A6}.Ad-Hoc|ARM.ActiveCfg = Ad-Hoc|iPhoneSimulator
		{ED59EE8A-908D-4189-A89E-1234793789A6}.Ad-Hoc|ARM.Build.0 = Ad-Hoc|iPhoneSimulator
		{ED59EE8A-908D-4189-A89E-1234793789A6}.Ad-Hoc|ARM64.ActiveCfg = Ad-Hoc|iPhoneSimulator
		{ED59EE8A-908D-4189-A89E-1234793789A6}.Ad-Hoc|ARM64.Build.0 = Ad-Hoc|iPhoneSimulator
		{ED59EE8A-908D-4189-A89E-1234793789A6}.Ad-Hoc|iPhone.ActiveCfg = Ad-Hoc|iPhone
		{ED59EE8A-908D-4189-A89E-1234793789A6}.Ad-Hoc|iPhone.Build.0 = Ad-Hoc|iPhone
		{ED59EE8A-908D-4189-A89E-1234793789A6}.Ad-Hoc|iPhoneSimulator.ActiveCfg = Ad-Hoc|iPhoneSimulator
		{ED59EE8A-908D-4189-A89E-1234793789A6}.Ad-Hoc|iPhoneSimulator.Build.0 = Ad-Hoc|iPhoneSimulator
		{ED59EE8A-908D-4189-A89E-1234793789A6}.Ad-Hoc|x64.ActiveCfg = Ad-Hoc|iPhoneSimulator
		{ED59EE8A-908D-4189-A89E-1234793789A6}.Ad-Hoc|x64.Build.0 = Ad-Hoc|iPhoneSimulator
		{ED59EE8A-908D-4189-A89E-1234793789A6}.Ad-Hoc|x86.ActiveCfg = Ad-Hoc|iPhoneSimulator
		{ED59EE8A-908D-4189-A89E-1234793789A6}.Ad-Hoc|x86.Build.0 = Ad-Hoc|iPhoneSimulator
		{ED59EE8A-908D-4189-A89E-1234793789A6}.AppStore|Any CPU.ActiveCfg = AppStore|iPhoneSimulator
		{ED59EE8A-908D-4189-A89E-1234793789A6}.AppStore|Any CPU.Build.0 = AppStore|iPhoneSimulator
		{ED59EE8A-908D-4189-A89E-1234793789A6}.AppStore|ARM.ActiveCfg = AppStore|iPhoneSimulator
		{ED59EE8A-908D-4189-A89E-1234793789A6}.AppStore|ARM.Build.0 = AppStore|iPhoneSimulator
		{ED59EE8A-908D-4189-A89E-1234793789A6}.AppStore|ARM64.ActiveCfg = AppStore|iPhoneSimulator
		{ED59EE8A-908D-4189-A89E-1234793789A6}.AppStore|ARM64.Build.0 = AppStore|iPhoneSimulator
		{ED59EE8A-908D-4189-A89E-1234793789A6}.AppStore|iPhone.ActiveCfg = AppStore|iPhone
		{ED59EE8A-908D-4189-A89E-1234793789A6}.AppStore|iPhone.Build.0 = AppStore|iPhone
		{ED59EE8A-908D-4189-A89E-1234793789A6}.AppStore|iPhoneSimulator.ActiveCfg = AppStore|iPhoneSimulator
		{ED59EE8A-908D-4189-A89E-1234793789A6}.AppStore|iPhoneSimulator.Build.0 = AppStore|iPhoneSimulator
		{ED59EE8A-908D-4189-A89E-1234793789A6}.AppStore|x64.ActiveCfg = AppStore|iPhoneSimulator
		{ED59EE8A-908D-4189-A89E-1234793789A6}.AppStore|x64.Build.0 = AppStore|iPhoneSimulator
		{ED59EE8A-908D-4189-A89E-1234793789A6}.AppStore|x86.ActiveCfg = AppStore|iPhoneSimulator
		{ED59EE8A-908D-4189-A89E-1234793789A6}.AppStore|x86.Build.0 = AppStore|iPhoneSimulator
		{ED59EE8A-908D-4189-A89E-1234793789A6}.Debug|Any CPU.ActiveCfg = Debug|iPhoneSimulator
		{ED59EE8A-908D-4189-A89E-1234793789A6}.Debug|Any CPU.Build.0 = Debug|iPhoneSimulator
		{ED59EE8A-908D-4189-A89E-1234793789A6}.Debug|ARM.ActiveCfg = Debug|iPhoneSimulator
		{ED59EE8A-908D-4189-A89E-1234793789A6}.Debug|ARM.Build.0 = Debug|iPhoneSimulator
		{ED59EE8A-908D-4189-A89E-1234793789A6}.Debug|ARM64.ActiveCfg = Debug|iPhoneSimulator
		{ED59EE8A-908D-4189-A89E-1234793789A6}.Debug|ARM64.Build.0 = Debug|iPhoneSimulator
		{ED59EE8A-908D-4189-A89E-1234793789A6}.Debug|iPhone.ActiveCfg = Debug|iPhone
		{ED59EE8A-908D-4189-A89E-1234793789A6}.Debug|iPhone.Build.0 = Debug|iPhone
		{ED59EE8A-908D-4189-A89E-1234793789A6}.Debug|iPhone.Deploy.0 = Debug|iPhone
		{ED59EE8A-908D-4189-A89E-1234793789A6}.Debug|iPhoneSimulator.ActiveCfg = Debug|iPhoneSimulator
		{ED59EE8A-908D-4189-A89E-1234793789A6}.Debug|iPhoneSimulator.Build.0 = Debug|iPhoneSimulator
		{ED59EE8A-908D-4189-A89E-1234793789A6}.Debug|iPhoneSimulator.Deploy.0 = Debug|iPhoneSimulator
		{ED59EE8A-908D-4189-A89E-1234793789A6}.Debug|x64.ActiveCfg = Debug|iPhoneSimulator
		{ED59EE8A-908D-4189-A89E-1234793789A6}.Debug|x64.Build.0 = Debug|iPhoneSimulator
		{ED59EE8A-908D-4189-A89E-1234793789A6}.Debug|x86.ActiveCfg = Debug|iPhoneSimulator
		{ED59EE8A-908D-4189-A89E-1234793789A6}.Debug|x86.Build.0 = Debug|iPhoneSimulator
		{ED59EE8A-908D-4189-A89E-1234793789A6}.Release|Any CPU.ActiveCfg = Release|iPhoneSimulator
		{ED59EE8A-908D-4189-A89E-1234793789A6}.Release|Any CPU.Build.0 = Release|iPhoneSimulator
		{ED59EE8A-908D-4189-A89E-1234793789A6}.Release|ARM.ActiveCfg = Release|iPhoneSimulator
		{ED59EE8A-908D-4189-A89E-1234793789A6}.Release|ARM.Build.0 = Release|iPhoneSimulator
		{ED59EE8A-908D-4189-A89E-1234793789A6}.Release|ARM64.ActiveCfg = Release|iPhoneSimulator
		{ED59EE8A-908D-4189-A89E-1234793789A6}.Release|ARM64.Build.0 = Release|iPhoneSimulator
		{ED59EE8A-908D-4189-A89E-1234793789A6}.Release|iPhone.ActiveCfg = Release|iPhone
		{ED59EE8A-908D-4189-A89E-1234793789A6}.Release|iPhone.Build.0 = Release|iPhone
		{ED59EE8A-908D-4189-A89E-1234793789A6}.Release|iPhoneSimulator.ActiveCfg = Release|iPhoneSimulator
		{ED59EE8A-908D-4189-A89E-1234793789A6}.Release|iPhoneSimulator.Build.0 = Release|iPhoneSimulator
		{ED59EE8A-908D-4189-A89E-1234793789A6}.Release|x64.ActiveCfg = Release|iPhoneSimulator
		{ED59EE8A-908D-4189-A89E-1234793789A6}.Release|x64.Build.0 = Release|iPhoneSimulator
		{ED59EE8A-908D-4189-A89E-1234793789A6}.Release|x86.ActiveCfg = Release|iPhoneSimulator
		{ED59EE8A-908D-4189-A89E-1234793789A6}.Release|x86.Build.0 = Release|iPhoneSimulator
		{C83F7C07-1AFF-4015-8A95-5152368F093B}.Ad-Hoc|Any CPU.ActiveCfg = Debug|x64
		{C83F7C07-1AFF-4015-8A95-5152368F093B}.Ad-Hoc|Any CPU.Build.0 = Debug|x64
		{C83F7C07-1AFF-4015-8A95-5152368F093B}.Ad-Hoc|Any CPU.Deploy.0 = Debug|x64
		{C83F7C07-1AFF-4015-8A95-5152368F093B}.Ad-Hoc|ARM.ActiveCfg = Debug|ARM
		{C83F7C07-1AFF-4015-8A95-5152368F093B}.Ad-Hoc|ARM.Build.0 = Debug|ARM
		{C83F7C07-1AFF-4015-8A95-5152368F093B}.Ad-Hoc|ARM.Deploy.0 = Debug|ARM
		{C83F7C07-1AFF-4015-8A95-5152368F093B}.Ad-Hoc|ARM64.ActiveCfg = Debug|ARM64
		{C83F7C07-1AFF-4015-8A95-5152368F093B}.Ad-Hoc|ARM64.Build.0 = Debug|ARM64
		{C83F7C07-1AFF-4015-8A95-5152368F093B}.Ad-Hoc|ARM64.Deploy.0 = Debug|ARM64
		{C83F7C07-1AFF-4015-8A95-5152368F093B}.Ad-Hoc|iPhone.ActiveCfg = Debug|x64
		{C83F7C07-1AFF-4015-8A95-5152368F093B}.Ad-Hoc|iPhone.Build.0 = Debug|x64
		{C83F7C07-1AFF-4015-8A95-5152368F093B}.Ad-Hoc|iPhone.Deploy.0 = Debug|x64
		{C83F7C07-1AFF-4015-8A95-5152368F093B}.Ad-Hoc|iPhoneSimulator.ActiveCfg = Debug|x64
		{C83F7C07-1AFF-4015-8A95-5152368F093B}.Ad-Hoc|iPhoneSimulator.Build.0 = Debug|x64
		{C83F7C07-1AFF-4015-8A95-5152368F093B}.Ad-Hoc|iPhoneSimulator.Deploy.0 = Debug|x64
		{C83F7C07-1AFF-4015-8A95-5152368F093B}.Ad-Hoc|x64.ActiveCfg = Debug|x64
		{C83F7C07-1AFF-4015-8A95-5152368F093B}.Ad-Hoc|x64.Build.0 = Debug|x64
		{C83F7C07-1AFF-4015-8A95-5152368F093B}.Ad-Hoc|x64.Deploy.0 = Debug|x64
		{C83F7C07-1AFF-4015-8A95-5152368F093B}.Ad-Hoc|x86.ActiveCfg = Debug|x86
		{C83F7C07-1AFF-4015-8A95-5152368F093B}.Ad-Hoc|x86.Build.0 = Debug|x86
		{C83F7C07-1AFF-4015-8A95-5152368F093B}.Ad-Hoc|x86.Deploy.0 = Debug|x86
		{C83F7C07-1AFF-4015-8A95-5152368F093B}.AppStore|Any CPU.ActiveCfg = Debug|x64
		{C83F7C07-1AFF-4015-8A95-5152368F093B}.AppStore|Any CPU.Build.0 = Debug|x64
		{C83F7C07-1AFF-4015-8A95-5152368F093B}.AppStore|Any CPU.Deploy.0 = Debug|x64
		{C83F7C07-1AFF-4015-8A95-5152368F093B}.AppStore|ARM.ActiveCfg = Debug|ARM
		{C83F7C07-1AFF-4015-8A95-5152368F093B}.AppStore|ARM.Build.0 = Debug|ARM
		{C83F7C07-1AFF-4015-8A95-5152368F093B}.AppStore|ARM.Deploy.0 = Debug|ARM
		{C83F7C07-1AFF-4015-8A95-5152368F093B}.AppStore|ARM64.ActiveCfg = Debug|ARM64
		{C83F7C07-1AFF-4015-8A95-5152368F093B}.AppStore|ARM64.Build.0 = Debug|ARM64
		{C83F7C07-1AFF-4015-8A95-5152368F093B}.AppStore|ARM64.Deploy.0 = Debug|ARM64
		{C83F7C07-1AFF-4015-8A95-5152368F093B}.AppStore|iPhone.ActiveCfg = Debug|x64
		{C83F7C07-1AFF-4015-8A95-5152368F093B}.AppStore|iPhone.Build.0 = Debug|x64
		{C83F7C07-1AFF-4015-8A95-5152368F093B}.AppStore|iPhone.Deploy.0 = Debug|x64
		{C83F7C07-1AFF-4015-8A95-5152368F093B}.AppStore|iPhoneSimulator.ActiveCfg = Debug|x64
		{C83F7C07-1AFF-4015-8A95-5152368F093B}.AppStore|iPhoneSimulator.Build.0 = Debug|x64
		{C83F7C07-1AFF-4015-8A95-5152368F093B}.AppStore|iPhoneSimulator.Deploy.0 = Debug|x64
		{C83F7C07-1AFF-4015-8A95-5152368F093B}.AppStore|x64.ActiveCfg = Debug|x64
		{C83F7C07-1AFF-4015-8A95-5152368F093B}.AppStore|x64.Build.0 = Debug|x64
		{C83F7C07-1AFF-4015-8A95-5152368F093B}.AppStore|x64.Deploy.0 = Debug|x64
		{C83F7C07-1AFF-4015-8A95-5152368F093B}.AppStore|x86.ActiveCfg = Debug|x86
		{C83F7C07-1AFF-4015-8A95-5152368F093B}.AppStore|x86.Build.0 = Debug|x86
		{C83F7C07-1AFF-4015-8A95-5152368F093B}.AppStore|x86.Deploy.0 = Debug|x86
		{C83F7C07-1AFF-4015-8A95-5152368F093B}.Debug|Any CPU.ActiveCfg = Debug|x64
		{C83F7C07-1AFF-4015-8A95-5152368F093B}.Debug|Any CPU.Build.0 = Debug|x64
		{C83F7C07-1AFF-4015-8A95-5152368F093B}.Debug|Any CPU.Deploy.0 = Debug|x64
		{C83F7C07-1AFF-4015-8A95-5152368F093B}.Debug|ARM.ActiveCfg = Debug|ARM
		{C83F7C07-1AFF-4015-8A95-5152368F093B}.Debug|ARM.Build.0 = Debug|ARM
		{C83F7C07-1AFF-4015-8A95-5152368F093B}.Debug|ARM.Deploy.0 = Debug|ARM
		{C83F7C07-1AFF-4015-8A95-5152368F093B}.Debug|ARM64.ActiveCfg = Debug|ARM64
		{C83F7C07-1AFF-4015-8A95-5152368F093B}.Debug|ARM64.Build.0 = Debug|ARM64
		{C83F7C07-1AFF-4015-8A95-5152368F093B}.Debug|ARM64.Deploy.0 = Debug|ARM64
		{C83F7C07-1AFF-4015-8A95-5152368F093B}.Debug|iPhone.ActiveCfg = Debug|x64
		{C83F7C07-1AFF-4015-8A95-5152368F093B}.Debug|iPhone.Build.0 = Debug|x64
		{C83F7C07-1AFF-4015-8A95-5152368F093B}.Debug|iPhone.Deploy.0 = Debug|x64
		{C83F7C07-1AFF-4015-8A95-5152368F093B}.Debug|iPhoneSimulator.ActiveCfg = Debug|x64
		{C83F7C07-1AFF-4015-8A95-5152368F093B}.Debug|iPhoneSimulator.Build.0 = Debug|x64
		{C83F7C07-1AFF-4015-8A95-5152368F093B}.Debug|iPhoneSimulator.Deploy.0 = Debug|x64
		{C83F7C07-1AFF-4015-8A95-5152368F093B}.Debug|x64.ActiveCfg = Debug|x64
		{C83F7C07-1AFF-4015-8A95-5152368F093B}.Debug|x64.Build.0 = Debug|x64
		{C83F7C07-1AFF-4015-8A95-5152368F093B}.Debug|x64.Deploy.0 = Debug|x64
		{C83F7C07-1AFF-4015-8A95-5152368F093B}.Debug|x86.ActiveCfg = Debug|x86
		{C83F7C07-1AFF-4015-8A95-5152368F093B}.Debug|x86.Build.0 = Debug|x86
		{C83F7C07-1AFF-4015-8A95-5152368F093B}.Debug|x86.Deploy.0 = Debug|x86
		{C83F7C07-1AFF-4015-8A95-5152368F093B}.Release|Any CPU.ActiveCfg = Release|x64
		{C83F7C07-1AFF-4015-8A95-5152368F093B}.Release|Any CPU.Build.0 = Release|x64
		{C83F7C07-1AFF-4015-8A95-5152368F093B}.Release|Any CPU.Deploy.0 = Release|x64
		{C83F7C07-1AFF-4015-8A95-5152368F093B}.Release|ARM.ActiveCfg = Release|ARM
		{C83F7C07-1AFF-4015-8A95-5152368F093B}.Release|ARM.Build.0 = Release|ARM
		{C83F7C07-1AFF-4015-8A95-5152368F093B}.Release|ARM.Deploy.0 = Release|ARM
		{C83F7C07-1AFF-4015-8A95-5152368F093B}.Release|ARM64.ActiveCfg = Release|ARM64
		{C83F7C07-1AFF-4015-8A95-5152368F093B}.Release|ARM64.Build.0 = Release|ARM64
		{C83F7C07-1AFF-4015-8A95-5152368F093B}.Release|ARM64.Deploy.0 = Release|ARM64
		{C83F7C07-1AFF-4015-8A95-5152368F093B}.Release|iPhone.ActiveCfg = Release|x64
		{C83F7C07-1AFF-4015-8A95-5152368F093B}.Release|iPhone.Build.0 = Release|x64
		{C83F7C07-1AFF-4015-8A95-5152368F093B}.Release|iPhone.Deploy.0 = Release|x64
		{C83F7C07-1AFF-4015-8A95-5152368F093B}.Release|iPhoneSimulator.ActiveCfg = Release|x64
		{C83F7C07-1AFF-4015-8A95-5152368F093B}.Release|iPhoneSimulator.Build.0 = Release|x64
		{C83F7C07-1AFF-4015-8A95-5152368F093B}.Release|iPhoneSimulator.Deploy.0 = Release|x64
		{C83F7C07-1AFF-4015-8A95-5152368F093B}.Release|x64.ActiveCfg = Release|x64
		{C83F7C07-1AFF-4015-8A95-5152368F093B}.Release|x64.Build.0 = Release|x64
		{C83F7C07-1AFF-4015-8A95-5152368F093B}.Release|x64.Deploy.0 = Release|x64
		{C83F7C07-1AFF-4015-8A95-5152368F093B}.Release|x86.ActiveCfg = Release|x86
		{C83F7C07-1AFF-4015-8A95-5152368F093B}.Release|x86.Build.0 = Release|x86
		{C83F7C07-1AFF-4015-8A95-5152368F093B}.Release|x86.Deploy.0 = Release|x86
		{D1C2379B-845F-4D6D-93EE-D717602A94D4}.Ad-Hoc|Any CPU.ActiveCfg = Debug|Any CPU
		{D1C2379B-845F-4D6D-93EE-D717602A94D4}.Ad-Hoc|Any CPU.Build.0 = Debug|Any CPU
		{D1C2379B-845F-4D6D-93EE-D717602A94D4}.Ad-Hoc|ARM.ActiveCfg = Debug|Any CPU
		{D1C2379B-845F-4D6D-93EE-D717602A94D4}.Ad-Hoc|ARM.Build.0 = Debug|Any CPU
		{D1C2379B-845F-4D6D-93EE-D717602A94D4}.Ad-Hoc|ARM64.ActiveCfg = Debug|Any CPU
		{D1C2379B-845F-4D6D-93EE-D717602A94D4}.Ad-Hoc|ARM64.Build.0 = Debug|Any CPU
		{D1C2379B-845F-4D6D-93EE-D717602A94D4}.Ad-Hoc|iPhone.ActiveCfg = Debug|Any CPU
		{D1C2379B-845F-4D6D-93EE-D717602A94D4}.Ad-Hoc|iPhone.Build.0 = Debug|Any CPU
		{D1C2379B-845F-4D6D-93EE-D717602A94D4}.Ad-Hoc|iPhoneSimulator.ActiveCfg = Debug|Any CPU
		{D1C2379B-845F-4D6D-93EE-D717602A94D4}.Ad-Hoc|iPhoneSimulator.Build.0 = Debug|Any CPU
		{D1C2379B-845F-4D6D-93EE-D717602A94D4}.Ad-Hoc|x64.ActiveCfg = Debug|Any CPU
		{D1C2379B-845F-4D6D-93EE-D717602A94D4}.Ad-Hoc|x64.Build.0 = Debug|Any CPU
		{D1C2379B-845F-4D6D-93EE-D717602A94D4}.Ad-Hoc|x86.ActiveCfg = Debug|Any CPU
		{D1C2379B-845F-4D6D-93EE-D717602A94D4}.Ad-Hoc|x86.Build.0 = Debug|Any CPU
		{D1C2379B-845F-4D6D-93EE-D717602A94D4}.AppStore|Any CPU.ActiveCfg = Debug|Any CPU
		{D1C2379B-845F-4D6D-93EE-D717602A94D4}.AppStore|Any CPU.Build.0 = Debug|Any CPU
		{D1C2379B-845F-4D6D-93EE-D717602A94D4}.AppStore|ARM.ActiveCfg = Debug|Any CPU
		{D1C2379B-845F-4D6D-93EE-D717602A94D4}.AppStore|ARM.Build.0 = Debug|Any CPU
		{D1C2379B-845F-4D6D-93EE-D717602A94D4}.AppStore|ARM64.ActiveCfg = Debug|Any CPU
		{D1C2379B-845F-4D6D-93EE-D717602A94D4}.AppStore|ARM64.Build.0 = Debug|Any CPU
		{D1C2379B-845F-4D6D-93EE-D717602A94D4}.AppStore|iPhone.ActiveCfg = Debug|Any CPU
		{D1C2379B-845F-4D6D-93EE-D717602A94D4}.AppStore|iPhone.Build.0 = Debug|Any CPU
		{D1C2379B-845F-4D6D-93EE-D717602A94D4}.AppStore|iPhoneSimulator.ActiveCfg = Debug|Any CPU
		{D1C2379B-845F-4D6D-93EE-D717602A94D4}.AppStore|iPhoneSimulator.Build.0 = Debug|Any CPU
		{D1C2379B-845F-4D6D-93EE-D717602A94D4}.AppStore|x64.ActiveCfg = Debug|Any CPU
		{D1C2379B-845F-4D6D-93EE-D717602A94D4}.AppStore|x64.Build.0 = Debug|Any CPU
		{D1C2379B-845F-4D6D-93EE-D717602A94D4}.AppStore|x86.ActiveCfg = Debug|Any CPU
		{D1C2379B-845F-4D6D-93EE-D717602A94D4}.AppStore|x86.Build.0 = Debug|Any CPU
		{D1C2379B-845F-4D6D-93EE-D717602A94D4}.Debug|Any CPU.ActiveCfg = Debug|Any CPU
		{D1C2379B-845F-4D6D-93EE-D717602A94D4}.Debug|Any CPU.Build.0 = Debug|Any CPU
		{D1C2379B-845F-4D6D-93EE-D717602A94D4}.Debug|ARM.ActiveCfg = Debug|Any CPU
		{D1C2379B-845F-4D6D-93EE-D717602A94D4}.Debug|ARM.Build.0 = Debug|Any CPU
		{D1C2379B-845F-4D6D-93EE-D717602A94D4}.Debug|ARM64.ActiveCfg = Debug|Any CPU
		{D1C2379B-845F-4D6D-93EE-D717602A94D4}.Debug|ARM64.Build.0 = Debug|Any CPU
		{D1C2379B-845F-4D6D-93EE-D717602A94D4}.Debug|iPhone.ActiveCfg = Debug|Any CPU
		{D1C2379B-845F-4D6D-93EE-D717602A94D4}.Debug|iPhone.Build.0 = Debug|Any CPU
		{D1C2379B-845F-4D6D-93EE-D717602A94D4}.Debug|iPhoneSimulator.ActiveCfg = Debug|Any CPU
		{D1C2379B-845F-4D6D-93EE-D717602A94D4}.Debug|iPhoneSimulator.Build.0 = Debug|Any CPU
		{D1C2379B-845F-4D6D-93EE-D717602A94D4}.Debug|x64.ActiveCfg = Debug|Any CPU
		{D1C2379B-845F-4D6D-93EE-D717602A94D4}.Debug|x64.Build.0 = Debug|Any CPU
		{D1C2379B-845F-4D6D-93EE-D717602A94D4}.Debug|x86.ActiveCfg = Debug|Any CPU
		{D1C2379B-845F-4D6D-93EE-D717602A94D4}.Debug|x86.Build.0 = Debug|Any CPU
		{D1C2379B-845F-4D6D-93EE-D717602A94D4}.Release|Any CPU.ActiveCfg = Release|Any CPU
		{D1C2379B-845F-4D6D-93EE-D717602A94D4}.Release|Any CPU.Build.0 = Release|Any CPU
		{D1C2379B-845F-4D6D-93EE-D717602A94D4}.Release|ARM.ActiveCfg = Release|Any CPU
		{D1C2379B-845F-4D6D-93EE-D717602A94D4}.Release|ARM.Build.0 = Release|Any CPU
		{D1C2379B-845F-4D6D-93EE-D717602A94D4}.Release|ARM64.ActiveCfg = Release|Any CPU
		{D1C2379B-845F-4D6D-93EE-D717602A94D4}.Release|ARM64.Build.0 = Release|Any CPU
		{D1C2379B-845F-4D6D-93EE-D717602A94D4}.Release|iPhone.ActiveCfg = Release|Any CPU
		{D1C2379B-845F-4D6D-93EE-D717602A94D4}.Release|iPhone.Build.0 = Release|Any CPU
		{D1C2379B-845F-4D6D-93EE-D717602A94D4}.Release|iPhoneSimulator.ActiveCfg = Release|Any CPU
		{D1C2379B-845F-4D6D-93EE-D717602A94D4}.Release|iPhoneSimulator.Build.0 = Release|Any CPU
		{D1C2379B-845F-4D6D-93EE-D717602A94D4}.Release|x64.ActiveCfg = Release|Any CPU
		{D1C2379B-845F-4D6D-93EE-D717602A94D4}.Release|x64.Build.0 = Release|Any CPU
		{D1C2379B-845F-4D6D-93EE-D717602A94D4}.Release|x86.ActiveCfg = Release|Any CPU
		{D1C2379B-845F-4D6D-93EE-D717602A94D4}.Release|x86.Build.0 = Release|Any CPU
		{F6A19049-3862-47B2-AEFA-CB62422EDDE4}.Ad-Hoc|Any CPU.ActiveCfg = Debug|iPhoneSimulator
		{F6A19049-3862-47B2-AEFA-CB62422EDDE4}.Ad-Hoc|Any CPU.Build.0 = Debug|iPhoneSimulator
		{F6A19049-3862-47B2-AEFA-CB62422EDDE4}.Ad-Hoc|ARM.ActiveCfg = Debug|iPhoneSimulator
		{F6A19049-3862-47B2-AEFA-CB62422EDDE4}.Ad-Hoc|ARM.Build.0 = Debug|iPhoneSimulator
		{F6A19049-3862-47B2-AEFA-CB62422EDDE4}.Ad-Hoc|ARM64.ActiveCfg = Debug|iPhoneSimulator
		{F6A19049-3862-47B2-AEFA-CB62422EDDE4}.Ad-Hoc|ARM64.Build.0 = Debug|iPhoneSimulator
		{F6A19049-3862-47B2-AEFA-CB62422EDDE4}.Ad-Hoc|iPhone.ActiveCfg = Debug|iPhoneSimulator
		{F6A19049-3862-47B2-AEFA-CB62422EDDE4}.Ad-Hoc|iPhone.Build.0 = Debug|iPhoneSimulator
		{F6A19049-3862-47B2-AEFA-CB62422EDDE4}.Ad-Hoc|iPhoneSimulator.ActiveCfg = Debug|iPhoneSimulator
		{F6A19049-3862-47B2-AEFA-CB62422EDDE4}.Ad-Hoc|iPhoneSimulator.Build.0 = Debug|iPhoneSimulator
		{F6A19049-3862-47B2-AEFA-CB62422EDDE4}.Ad-Hoc|x64.ActiveCfg = Debug|iPhoneSimulator
		{F6A19049-3862-47B2-AEFA-CB62422EDDE4}.Ad-Hoc|x64.Build.0 = Debug|iPhoneSimulator
		{F6A19049-3862-47B2-AEFA-CB62422EDDE4}.Ad-Hoc|x86.ActiveCfg = Debug|iPhoneSimulator
		{F6A19049-3862-47B2-AEFA-CB62422EDDE4}.Ad-Hoc|x86.Build.0 = Debug|iPhoneSimulator
		{F6A19049-3862-47B2-AEFA-CB62422EDDE4}.AppStore|Any CPU.ActiveCfg = Debug|iPhoneSimulator
		{F6A19049-3862-47B2-AEFA-CB62422EDDE4}.AppStore|Any CPU.Build.0 = Debug|iPhoneSimulator
		{F6A19049-3862-47B2-AEFA-CB62422EDDE4}.AppStore|ARM.ActiveCfg = Debug|iPhoneSimulator
		{F6A19049-3862-47B2-AEFA-CB62422EDDE4}.AppStore|ARM.Build.0 = Debug|iPhoneSimulator
		{F6A19049-3862-47B2-AEFA-CB62422EDDE4}.AppStore|ARM64.ActiveCfg = Debug|iPhoneSimulator
		{F6A19049-3862-47B2-AEFA-CB62422EDDE4}.AppStore|ARM64.Build.0 = Debug|iPhoneSimulator
		{F6A19049-3862-47B2-AEFA-CB62422EDDE4}.AppStore|iPhone.ActiveCfg = Debug|iPhoneSimulator
		{F6A19049-3862-47B2-AEFA-CB62422EDDE4}.AppStore|iPhone.Build.0 = Debug|iPhoneSimulator
		{F6A19049-3862-47B2-AEFA-CB62422EDDE4}.AppStore|iPhoneSimulator.ActiveCfg = Debug|iPhoneSimulator
		{F6A19049-3862-47B2-AEFA-CB62422EDDE4}.AppStore|iPhoneSimulator.Build.0 = Debug|iPhoneSimulator
		{F6A19049-3862-47B2-AEFA-CB62422EDDE4}.AppStore|x64.ActiveCfg = Debug|iPhoneSimulator
		{F6A19049-3862-47B2-AEFA-CB62422EDDE4}.AppStore|x64.Build.0 = Debug|iPhoneSimulator
		{F6A19049-3862-47B2-AEFA-CB62422EDDE4}.AppStore|x86.ActiveCfg = Debug|iPhoneSimulator
		{F6A19049-3862-47B2-AEFA-CB62422EDDE4}.AppStore|x86.Build.0 = Debug|iPhoneSimulator
		{F6A19049-3862-47B2-AEFA-CB62422EDDE4}.Debug|Any CPU.ActiveCfg = Debug|iPhoneSimulator
		{F6A19049-3862-47B2-AEFA-CB62422EDDE4}.Debug|Any CPU.Build.0 = Debug|iPhoneSimulator
		{F6A19049-3862-47B2-AEFA-CB62422EDDE4}.Debug|ARM.ActiveCfg = Debug|iPhoneSimulator
		{F6A19049-3862-47B2-AEFA-CB62422EDDE4}.Debug|ARM.Build.0 = Debug|iPhoneSimulator
		{F6A19049-3862-47B2-AEFA-CB62422EDDE4}.Debug|ARM64.ActiveCfg = Debug|iPhoneSimulator
		{F6A19049-3862-47B2-AEFA-CB62422EDDE4}.Debug|ARM64.Build.0 = Debug|iPhoneSimulator
		{F6A19049-3862-47B2-AEFA-CB62422EDDE4}.Debug|iPhone.ActiveCfg = Debug|iPhoneSimulator
		{F6A19049-3862-47B2-AEFA-CB62422EDDE4}.Debug|iPhone.Build.0 = Debug|iPhoneSimulator
		{F6A19049-3862-47B2-AEFA-CB62422EDDE4}.Debug|iPhoneSimulator.ActiveCfg = Debug|iPhoneSimulator
		{F6A19049-3862-47B2-AEFA-CB62422EDDE4}.Debug|iPhoneSimulator.Build.0 = Debug|iPhoneSimulator
		{F6A19049-3862-47B2-AEFA-CB62422EDDE4}.Debug|x64.ActiveCfg = Debug|iPhoneSimulator
		{F6A19049-3862-47B2-AEFA-CB62422EDDE4}.Debug|x64.Build.0 = Debug|iPhoneSimulator
		{F6A19049-3862-47B2-AEFA-CB62422EDDE4}.Debug|x86.ActiveCfg = Debug|iPhoneSimulator
		{F6A19049-3862-47B2-AEFA-CB62422EDDE4}.Debug|x86.Build.0 = Debug|iPhoneSimulator
		{F6A19049-3862-47B2-AEFA-CB62422EDDE4}.Release|Any CPU.ActiveCfg = Release|iPhoneSimulator
		{F6A19049-3862-47B2-AEFA-CB62422EDDE4}.Release|Any CPU.Build.0 = Release|iPhoneSimulator
		{F6A19049-3862-47B2-AEFA-CB62422EDDE4}.Release|ARM.ActiveCfg = Release|iPhoneSimulator
		{F6A19049-3862-47B2-AEFA-CB62422EDDE4}.Release|ARM.Build.0 = Release|iPhoneSimulator
		{F6A19049-3862-47B2-AEFA-CB62422EDDE4}.Release|ARM64.ActiveCfg = Release|iPhoneSimulator
		{F6A19049-3862-47B2-AEFA-CB62422EDDE4}.Release|ARM64.Build.0 = Release|iPhoneSimulator
		{F6A19049-3862-47B2-AEFA-CB62422EDDE4}.Release|iPhone.ActiveCfg = Release|iPhoneSimulator
		{F6A19049-3862-47B2-AEFA-CB62422EDDE4}.Release|iPhone.Build.0 = Release|iPhoneSimulator
		{F6A19049-3862-47B2-AEFA-CB62422EDDE4}.Release|iPhoneSimulator.ActiveCfg = Release|iPhoneSimulator
		{F6A19049-3862-47B2-AEFA-CB62422EDDE4}.Release|iPhoneSimulator.Build.0 = Release|iPhoneSimulator
		{F6A19049-3862-47B2-AEFA-CB62422EDDE4}.Release|x64.ActiveCfg = Release|iPhoneSimulator
		{F6A19049-3862-47B2-AEFA-CB62422EDDE4}.Release|x64.Build.0 = Release|iPhoneSimulator
		{F6A19049-3862-47B2-AEFA-CB62422EDDE4}.Release|x86.ActiveCfg = Release|iPhoneSimulator
		{F6A19049-3862-47B2-AEFA-CB62422EDDE4}.Release|x86.Build.0 = Release|iPhoneSimulator
		{0D823F40-064F-42B9-B4DB-EBB5E79FFED3}.Ad-Hoc|Any CPU.ActiveCfg = Debug|Any CPU
		{0D823F40-064F-42B9-B4DB-EBB5E79FFED3}.Ad-Hoc|Any CPU.Build.0 = Debug|Any CPU
		{0D823F40-064F-42B9-B4DB-EBB5E79FFED3}.Ad-Hoc|ARM.ActiveCfg = Debug|Any CPU
		{0D823F40-064F-42B9-B4DB-EBB5E79FFED3}.Ad-Hoc|ARM.Build.0 = Debug|Any CPU
		{0D823F40-064F-42B9-B4DB-EBB5E79FFED3}.Ad-Hoc|ARM64.ActiveCfg = Debug|Any CPU
		{0D823F40-064F-42B9-B4DB-EBB5E79FFED3}.Ad-Hoc|ARM64.Build.0 = Debug|Any CPU
		{0D823F40-064F-42B9-B4DB-EBB5E79FFED3}.Ad-Hoc|iPhone.ActiveCfg = Debug|Any CPU
		{0D823F40-064F-42B9-B4DB-EBB5E79FFED3}.Ad-Hoc|iPhone.Build.0 = Debug|Any CPU
		{0D823F40-064F-42B9-B4DB-EBB5E79FFED3}.Ad-Hoc|iPhoneSimulator.ActiveCfg = Debug|Any CPU
		{0D823F40-064F-42B9-B4DB-EBB5E79FFED3}.Ad-Hoc|iPhoneSimulator.Build.0 = Debug|Any CPU
		{0D823F40-064F-42B9-B4DB-EBB5E79FFED3}.Ad-Hoc|x64.ActiveCfg = Debug|Any CPU
		{0D823F40-064F-42B9-B4DB-EBB5E79FFED3}.Ad-Hoc|x64.Build.0 = Debug|Any CPU
		{0D823F40-064F-42B9-B4DB-EBB5E79FFED3}.Ad-Hoc|x86.ActiveCfg = Debug|Any CPU
		{0D823F40-064F-42B9-B4DB-EBB5E79FFED3}.Ad-Hoc|x86.Build.0 = Debug|Any CPU
		{0D823F40-064F-42B9-B4DB-EBB5E79FFED3}.AppStore|Any CPU.ActiveCfg = Debug|Any CPU
		{0D823F40-064F-42B9-B4DB-EBB5E79FFED3}.AppStore|Any CPU.Build.0 = Debug|Any CPU
		{0D823F40-064F-42B9-B4DB-EBB5E79FFED3}.AppStore|ARM.ActiveCfg = Debug|Any CPU
		{0D823F40-064F-42B9-B4DB-EBB5E79FFED3}.AppStore|ARM.Build.0 = Debug|Any CPU
		{0D823F40-064F-42B9-B4DB-EBB5E79FFED3}.AppStore|ARM64.ActiveCfg = Debug|Any CPU
		{0D823F40-064F-42B9-B4DB-EBB5E79FFED3}.AppStore|ARM64.Build.0 = Debug|Any CPU
		{0D823F40-064F-42B9-B4DB-EBB5E79FFED3}.AppStore|iPhone.ActiveCfg = Debug|Any CPU
		{0D823F40-064F-42B9-B4DB-EBB5E79FFED3}.AppStore|iPhone.Build.0 = Debug|Any CPU
		{0D823F40-064F-42B9-B4DB-EBB5E79FFED3}.AppStore|iPhoneSimulator.ActiveCfg = Debug|Any CPU
		{0D823F40-064F-42B9-B4DB-EBB5E79FFED3}.AppStore|iPhoneSimulator.Build.0 = Debug|Any CPU
		{0D823F40-064F-42B9-B4DB-EBB5E79FFED3}.AppStore|x64.ActiveCfg = Debug|Any CPU
		{0D823F40-064F-42B9-B4DB-EBB5E79FFED3}.AppStore|x64.Build.0 = Debug|Any CPU
		{0D823F40-064F-42B9-B4DB-EBB5E79FFED3}.AppStore|x86.ActiveCfg = Debug|Any CPU
		{0D823F40-064F-42B9-B4DB-EBB5E79FFED3}.AppStore|x86.Build.0 = Debug|Any CPU
		{0D823F40-064F-42B9-B4DB-EBB5E79FFED3}.Debug|Any CPU.ActiveCfg = Debug|Any CPU
		{0D823F40-064F-42B9-B4DB-EBB5E79FFED3}.Debug|Any CPU.Build.0 = Debug|Any CPU
		{0D823F40-064F-42B9-B4DB-EBB5E79FFED3}.Debug|ARM.ActiveCfg = Debug|Any CPU
		{0D823F40-064F-42B9-B4DB-EBB5E79FFED3}.Debug|ARM.Build.0 = Debug|Any CPU
		{0D823F40-064F-42B9-B4DB-EBB5E79FFED3}.Debug|ARM64.ActiveCfg = Debug|Any CPU
		{0D823F40-064F-42B9-B4DB-EBB5E79FFED3}.Debug|ARM64.Build.0 = Debug|Any CPU
		{0D823F40-064F-42B9-B4DB-EBB5E79FFED3}.Debug|iPhone.ActiveCfg = Debug|Any CPU
		{0D823F40-064F-42B9-B4DB-EBB5E79FFED3}.Debug|iPhone.Build.0 = Debug|Any CPU
		{0D823F40-064F-42B9-B4DB-EBB5E79FFED3}.Debug|iPhoneSimulator.ActiveCfg = Debug|Any CPU
		{0D823F40-064F-42B9-B4DB-EBB5E79FFED3}.Debug|iPhoneSimulator.Build.0 = Debug|Any CPU
		{0D823F40-064F-42B9-B4DB-EBB5E79FFED3}.Debug|x64.ActiveCfg = Debug|Any CPU
		{0D823F40-064F-42B9-B4DB-EBB5E79FFED3}.Debug|x64.Build.0 = Debug|Any CPU
		{0D823F40-064F-42B9-B4DB-EBB5E79FFED3}.Debug|x86.ActiveCfg = Debug|Any CPU
		{0D823F40-064F-42B9-B4DB-EBB5E79FFED3}.Debug|x86.Build.0 = Debug|Any CPU
		{0D823F40-064F-42B9-B4DB-EBB5E79FFED3}.Release|Any CPU.ActiveCfg = Release|Any CPU
		{0D823F40-064F-42B9-B4DB-EBB5E79FFED3}.Release|Any CPU.Build.0 = Release|Any CPU
		{0D823F40-064F-42B9-B4DB-EBB5E79FFED3}.Release|ARM.ActiveCfg = Release|Any CPU
		{0D823F40-064F-42B9-B4DB-EBB5E79FFED3}.Release|ARM.Build.0 = Release|Any CPU
		{0D823F40-064F-42B9-B4DB-EBB5E79FFED3}.Release|ARM64.ActiveCfg = Release|Any CPU
		{0D823F40-064F-42B9-B4DB-EBB5E79FFED3}.Release|ARM64.Build.0 = Release|Any CPU
		{0D823F40-064F-42B9-B4DB-EBB5E79FFED3}.Release|iPhone.ActiveCfg = Release|Any CPU
		{0D823F40-064F-42B9-B4DB-EBB5E79FFED3}.Release|iPhone.Build.0 = Release|Any CPU
		{0D823F40-064F-42B9-B4DB-EBB5E79FFED3}.Release|iPhoneSimulator.ActiveCfg = Release|Any CPU
		{0D823F40-064F-42B9-B4DB-EBB5E79FFED3}.Release|iPhoneSimulator.Build.0 = Release|Any CPU
		{0D823F40-064F-42B9-B4DB-EBB5E79FFED3}.Release|x64.ActiveCfg = Release|Any CPU
		{0D823F40-064F-42B9-B4DB-EBB5E79FFED3}.Release|x64.Build.0 = Release|Any CPU
		{0D823F40-064F-42B9-B4DB-EBB5E79FFED3}.Release|x86.ActiveCfg = Release|Any CPU
		{0D823F40-064F-42B9-B4DB-EBB5E79FFED3}.Release|x86.Build.0 = Release|Any CPU
		{9B66FF38-E937-4DB8-978E-42EED0997CA6}.Ad-Hoc|Any CPU.ActiveCfg = Debug|Any CPU
		{9B66FF38-E937-4DB8-978E-42EED0997CA6}.Ad-Hoc|Any CPU.Build.0 = Debug|Any CPU
		{9B66FF38-E937-4DB8-978E-42EED0997CA6}.Ad-Hoc|ARM.ActiveCfg = Debug|Any CPU
		{9B66FF38-E937-4DB8-978E-42EED0997CA6}.Ad-Hoc|ARM.Build.0 = Debug|Any CPU
		{9B66FF38-E937-4DB8-978E-42EED0997CA6}.Ad-Hoc|ARM64.ActiveCfg = Debug|Any CPU
		{9B66FF38-E937-4DB8-978E-42EED0997CA6}.Ad-Hoc|ARM64.Build.0 = Debug|Any CPU
		{9B66FF38-E937-4DB8-978E-42EED0997CA6}.Ad-Hoc|iPhone.ActiveCfg = Debug|Any CPU
		{9B66FF38-E937-4DB8-978E-42EED0997CA6}.Ad-Hoc|iPhone.Build.0 = Debug|Any CPU
		{9B66FF38-E937-4DB8-978E-42EED0997CA6}.Ad-Hoc|iPhoneSimulator.ActiveCfg = Debug|Any CPU
		{9B66FF38-E937-4DB8-978E-42EED0997CA6}.Ad-Hoc|iPhoneSimulator.Build.0 = Debug|Any CPU
		{9B66FF38-E937-4DB8-978E-42EED0997CA6}.Ad-Hoc|x64.ActiveCfg = Debug|Any CPU
		{9B66FF38-E937-4DB8-978E-42EED0997CA6}.Ad-Hoc|x64.Build.0 = Debug|Any CPU
		{9B66FF38-E937-4DB8-978E-42EED0997CA6}.Ad-Hoc|x86.ActiveCfg = Debug|Any CPU
		{9B66FF38-E937-4DB8-978E-42EED0997CA6}.Ad-Hoc|x86.Build.0 = Debug|Any CPU
		{9B66FF38-E937-4DB8-978E-42EED0997CA6}.AppStore|Any CPU.ActiveCfg = Debug|Any CPU
		{9B66FF38-E937-4DB8-978E-42EED0997CA6}.AppStore|Any CPU.Build.0 = Debug|Any CPU
		{9B66FF38-E937-4DB8-978E-42EED0997CA6}.AppStore|ARM.ActiveCfg = Debug|Any CPU
		{9B66FF38-E937-4DB8-978E-42EED0997CA6}.AppStore|ARM.Build.0 = Debug|Any CPU
		{9B66FF38-E937-4DB8-978E-42EED0997CA6}.AppStore|ARM64.ActiveCfg = Debug|Any CPU
		{9B66FF38-E937-4DB8-978E-42EED0997CA6}.AppStore|ARM64.Build.0 = Debug|Any CPU
		{9B66FF38-E937-4DB8-978E-42EED0997CA6}.AppStore|iPhone.ActiveCfg = Debug|Any CPU
		{9B66FF38-E937-4DB8-978E-42EED0997CA6}.AppStore|iPhone.Build.0 = Debug|Any CPU
		{9B66FF38-E937-4DB8-978E-42EED0997CA6}.AppStore|iPhoneSimulator.ActiveCfg = Debug|Any CPU
		{9B66FF38-E937-4DB8-978E-42EED0997CA6}.AppStore|iPhoneSimulator.Build.0 = Debug|Any CPU
		{9B66FF38-E937-4DB8-978E-42EED0997CA6}.AppStore|x64.ActiveCfg = Debug|Any CPU
		{9B66FF38-E937-4DB8-978E-42EED0997CA6}.AppStore|x64.Build.0 = Debug|Any CPU
		{9B66FF38-E937-4DB8-978E-42EED0997CA6}.AppStore|x86.ActiveCfg = Debug|Any CPU
		{9B66FF38-E937-4DB8-978E-42EED0997CA6}.AppStore|x86.Build.0 = Debug|Any CPU
		{9B66FF38-E937-4DB8-978E-42EED0997CA6}.Debug|Any CPU.ActiveCfg = Debug|Any CPU
		{9B66FF38-E937-4DB8-978E-42EED0997CA6}.Debug|Any CPU.Build.0 = Debug|Any CPU
		{9B66FF38-E937-4DB8-978E-42EED0997CA6}.Debug|ARM.ActiveCfg = Debug|Any CPU
		{9B66FF38-E937-4DB8-978E-42EED0997CA6}.Debug|ARM.Build.0 = Debug|Any CPU
		{9B66FF38-E937-4DB8-978E-42EED0997CA6}.Debug|ARM64.ActiveCfg = Debug|Any CPU
		{9B66FF38-E937-4DB8-978E-42EED0997CA6}.Debug|ARM64.Build.0 = Debug|Any CPU
		{9B66FF38-E937-4DB8-978E-42EED0997CA6}.Debug|iPhone.ActiveCfg = Debug|Any CPU
		{9B66FF38-E937-4DB8-978E-42EED0997CA6}.Debug|iPhone.Build.0 = Debug|Any CPU
		{9B66FF38-E937-4DB8-978E-42EED0997CA6}.Debug|iPhoneSimulator.ActiveCfg = Debug|Any CPU
		{9B66FF38-E937-4DB8-978E-42EED0997CA6}.Debug|iPhoneSimulator.Build.0 = Debug|Any CPU
		{9B66FF38-E937-4DB8-978E-42EED0997CA6}.Debug|x64.ActiveCfg = Debug|Any CPU
		{9B66FF38-E937-4DB8-978E-42EED0997CA6}.Debug|x64.Build.0 = Debug|Any CPU
		{9B66FF38-E937-4DB8-978E-42EED0997CA6}.Debug|x86.ActiveCfg = Debug|Any CPU
		{9B66FF38-E937-4DB8-978E-42EED0997CA6}.Debug|x86.Build.0 = Debug|Any CPU
		{9B66FF38-E937-4DB8-978E-42EED0997CA6}.Release|Any CPU.ActiveCfg = Release|Any CPU
		{9B66FF38-E937-4DB8-978E-42EED0997CA6}.Release|Any CPU.Build.0 = Release|Any CPU
		{9B66FF38-E937-4DB8-978E-42EED0997CA6}.Release|ARM.ActiveCfg = Release|Any CPU
		{9B66FF38-E937-4DB8-978E-42EED0997CA6}.Release|ARM.Build.0 = Release|Any CPU
		{9B66FF38-E937-4DB8-978E-42EED0997CA6}.Release|ARM64.ActiveCfg = Release|Any CPU
		{9B66FF38-E937-4DB8-978E-42EED0997CA6}.Release|ARM64.Build.0 = Release|Any CPU
		{9B66FF38-E937-4DB8-978E-42EED0997CA6}.Release|iPhone.ActiveCfg = Release|Any CPU
		{9B66FF38-E937-4DB8-978E-42EED0997CA6}.Release|iPhone.Build.0 = Release|Any CPU
		{9B66FF38-E937-4DB8-978E-42EED0997CA6}.Release|iPhoneSimulator.ActiveCfg = Release|Any CPU
		{9B66FF38-E937-4DB8-978E-42EED0997CA6}.Release|iPhoneSimulator.Build.0 = Release|Any CPU
		{9B66FF38-E937-4DB8-978E-42EED0997CA6}.Release|x64.ActiveCfg = Release|Any CPU
		{9B66FF38-E937-4DB8-978E-42EED0997CA6}.Release|x64.Build.0 = Release|Any CPU
		{9B66FF38-E937-4DB8-978E-42EED0997CA6}.Release|x86.ActiveCfg = Release|Any CPU
		{9B66FF38-E937-4DB8-978E-42EED0997CA6}.Release|x86.Build.0 = Release|Any CPU
		{2F11E63A-E5AA-40CA-9A3F-68964B9F8BC1}.Ad-Hoc|Any CPU.ActiveCfg = Debug|Any CPU
		{2F11E63A-E5AA-40CA-9A3F-68964B9F8BC1}.Ad-Hoc|Any CPU.Build.0 = Debug|Any CPU
		{2F11E63A-E5AA-40CA-9A3F-68964B9F8BC1}.Ad-Hoc|ARM.ActiveCfg = Debug|Any CPU
		{2F11E63A-E5AA-40CA-9A3F-68964B9F8BC1}.Ad-Hoc|ARM.Build.0 = Debug|Any CPU
		{2F11E63A-E5AA-40CA-9A3F-68964B9F8BC1}.Ad-Hoc|ARM64.ActiveCfg = Debug|Any CPU
		{2F11E63A-E5AA-40CA-9A3F-68964B9F8BC1}.Ad-Hoc|ARM64.Build.0 = Debug|Any CPU
		{2F11E63A-E5AA-40CA-9A3F-68964B9F8BC1}.Ad-Hoc|iPhone.ActiveCfg = Debug|Any CPU
		{2F11E63A-E5AA-40CA-9A3F-68964B9F8BC1}.Ad-Hoc|iPhone.Build.0 = Debug|Any CPU
		{2F11E63A-E5AA-40CA-9A3F-68964B9F8BC1}.Ad-Hoc|iPhoneSimulator.ActiveCfg = Debug|Any CPU
		{2F11E63A-E5AA-40CA-9A3F-68964B9F8BC1}.Ad-Hoc|iPhoneSimulator.Build.0 = Debug|Any CPU
		{2F11E63A-E5AA-40CA-9A3F-68964B9F8BC1}.Ad-Hoc|x64.ActiveCfg = Debug|Any CPU
		{2F11E63A-E5AA-40CA-9A3F-68964B9F8BC1}.Ad-Hoc|x64.Build.0 = Debug|Any CPU
		{2F11E63A-E5AA-40CA-9A3F-68964B9F8BC1}.Ad-Hoc|x86.ActiveCfg = Debug|Any CPU
		{2F11E63A-E5AA-40CA-9A3F-68964B9F8BC1}.Ad-Hoc|x86.Build.0 = Debug|Any CPU
		{2F11E63A-E5AA-40CA-9A3F-68964B9F8BC1}.AppStore|Any CPU.ActiveCfg = Debug|Any CPU
		{2F11E63A-E5AA-40CA-9A3F-68964B9F8BC1}.AppStore|Any CPU.Build.0 = Debug|Any CPU
		{2F11E63A-E5AA-40CA-9A3F-68964B9F8BC1}.AppStore|ARM.ActiveCfg = Debug|Any CPU
		{2F11E63A-E5AA-40CA-9A3F-68964B9F8BC1}.AppStore|ARM.Build.0 = Debug|Any CPU
		{2F11E63A-E5AA-40CA-9A3F-68964B9F8BC1}.AppStore|ARM64.ActiveCfg = Debug|Any CPU
		{2F11E63A-E5AA-40CA-9A3F-68964B9F8BC1}.AppStore|ARM64.Build.0 = Debug|Any CPU
		{2F11E63A-E5AA-40CA-9A3F-68964B9F8BC1}.AppStore|iPhone.ActiveCfg = Debug|Any CPU
		{2F11E63A-E5AA-40CA-9A3F-68964B9F8BC1}.AppStore|iPhone.Build.0 = Debug|Any CPU
		{2F11E63A-E5AA-40CA-9A3F-68964B9F8BC1}.AppStore|iPhoneSimulator.ActiveCfg = Debug|Any CPU
		{2F11E63A-E5AA-40CA-9A3F-68964B9F8BC1}.AppStore|iPhoneSimulator.Build.0 = Debug|Any CPU
		{2F11E63A-E5AA-40CA-9A3F-68964B9F8BC1}.AppStore|x64.ActiveCfg = Debug|Any CPU
		{2F11E63A-E5AA-40CA-9A3F-68964B9F8BC1}.AppStore|x64.Build.0 = Debug|Any CPU
		{2F11E63A-E5AA-40CA-9A3F-68964B9F8BC1}.AppStore|x86.ActiveCfg = Debug|Any CPU
		{2F11E63A-E5AA-40CA-9A3F-68964B9F8BC1}.AppStore|x86.Build.0 = Debug|Any CPU
		{2F11E63A-E5AA-40CA-9A3F-68964B9F8BC1}.Debug|Any CPU.ActiveCfg = Debug|Any CPU
		{2F11E63A-E5AA-40CA-9A3F-68964B9F8BC1}.Debug|Any CPU.Build.0 = Debug|Any CPU
		{2F11E63A-E5AA-40CA-9A3F-68964B9F8BC1}.Debug|ARM.ActiveCfg = Debug|Any CPU
		{2F11E63A-E5AA-40CA-9A3F-68964B9F8BC1}.Debug|ARM.Build.0 = Debug|Any CPU
		{2F11E63A-E5AA-40CA-9A3F-68964B9F8BC1}.Debug|ARM64.ActiveCfg = Debug|Any CPU
		{2F11E63A-E5AA-40CA-9A3F-68964B9F8BC1}.Debug|ARM64.Build.0 = Debug|Any CPU
		{2F11E63A-E5AA-40CA-9A3F-68964B9F8BC1}.Debug|iPhone.ActiveCfg = Debug|Any CPU
		{2F11E63A-E5AA-40CA-9A3F-68964B9F8BC1}.Debug|iPhone.Build.0 = Debug|Any CPU
		{2F11E63A-E5AA-40CA-9A3F-68964B9F8BC1}.Debug|iPhoneSimulator.ActiveCfg = Debug|Any CPU
		{2F11E63A-E5AA-40CA-9A3F-68964B9F8BC1}.Debug|iPhoneSimulator.Build.0 = Debug|Any CPU
		{2F11E63A-E5AA-40CA-9A3F-68964B9F8BC1}.Debug|x64.ActiveCfg = Debug|Any CPU
		{2F11E63A-E5AA-40CA-9A3F-68964B9F8BC1}.Debug|x64.Build.0 = Debug|Any CPU
		{2F11E63A-E5AA-40CA-9A3F-68964B9F8BC1}.Debug|x86.ActiveCfg = Debug|Any CPU
		{2F11E63A-E5AA-40CA-9A3F-68964B9F8BC1}.Debug|x86.Build.0 = Debug|Any CPU
		{2F11E63A-E5AA-40CA-9A3F-68964B9F8BC1}.Release|Any CPU.ActiveCfg = Release|Any CPU
		{2F11E63A-E5AA-40CA-9A3F-68964B9F8BC1}.Release|Any CPU.Build.0 = Release|Any CPU
		{2F11E63A-E5AA-40CA-9A3F-68964B9F8BC1}.Release|ARM.ActiveCfg = Release|Any CPU
		{2F11E63A-E5AA-40CA-9A3F-68964B9F8BC1}.Release|ARM.Build.0 = Release|Any CPU
		{2F11E63A-E5AA-40CA-9A3F-68964B9F8BC1}.Release|ARM64.ActiveCfg = Release|Any CPU
		{2F11E63A-E5AA-40CA-9A3F-68964B9F8BC1}.Release|ARM64.Build.0 = Release|Any CPU
		{2F11E63A-E5AA-40CA-9A3F-68964B9F8BC1}.Release|iPhone.ActiveCfg = Release|Any CPU
		{2F11E63A-E5AA-40CA-9A3F-68964B9F8BC1}.Release|iPhone.Build.0 = Release|Any CPU
		{2F11E63A-E5AA-40CA-9A3F-68964B9F8BC1}.Release|iPhoneSimulator.ActiveCfg = Release|Any CPU
		{2F11E63A-E5AA-40CA-9A3F-68964B9F8BC1}.Release|iPhoneSimulator.Build.0 = Release|Any CPU
		{2F11E63A-E5AA-40CA-9A3F-68964B9F8BC1}.Release|x64.ActiveCfg = Release|Any CPU
		{2F11E63A-E5AA-40CA-9A3F-68964B9F8BC1}.Release|x64.Build.0 = Release|Any CPU
		{2F11E63A-E5AA-40CA-9A3F-68964B9F8BC1}.Release|x86.ActiveCfg = Release|Any CPU
		{2F11E63A-E5AA-40CA-9A3F-68964B9F8BC1}.Release|x86.Build.0 = Release|Any CPU
		{26E81F5C-351B-41B2-802C-25E928D81EBB}.Ad-Hoc|Any CPU.ActiveCfg = Debug|Any CPU
		{26E81F5C-351B-41B2-802C-25E928D81EBB}.Ad-Hoc|Any CPU.Build.0 = Debug|Any CPU
		{26E81F5C-351B-41B2-802C-25E928D81EBB}.Ad-Hoc|ARM.ActiveCfg = Debug|Any CPU
		{26E81F5C-351B-41B2-802C-25E928D81EBB}.Ad-Hoc|ARM.Build.0 = Debug|Any CPU
		{26E81F5C-351B-41B2-802C-25E928D81EBB}.Ad-Hoc|ARM64.ActiveCfg = Debug|Any CPU
		{26E81F5C-351B-41B2-802C-25E928D81EBB}.Ad-Hoc|ARM64.Build.0 = Debug|Any CPU
		{26E81F5C-351B-41B2-802C-25E928D81EBB}.Ad-Hoc|iPhone.ActiveCfg = Debug|Any CPU
		{26E81F5C-351B-41B2-802C-25E928D81EBB}.Ad-Hoc|iPhone.Build.0 = Debug|Any CPU
		{26E81F5C-351B-41B2-802C-25E928D81EBB}.Ad-Hoc|iPhoneSimulator.ActiveCfg = Debug|Any CPU
		{26E81F5C-351B-41B2-802C-25E928D81EBB}.Ad-Hoc|iPhoneSimulator.Build.0 = Debug|Any CPU
		{26E81F5C-351B-41B2-802C-25E928D81EBB}.Ad-Hoc|x64.ActiveCfg = Debug|Any CPU
		{26E81F5C-351B-41B2-802C-25E928D81EBB}.Ad-Hoc|x64.Build.0 = Debug|Any CPU
		{26E81F5C-351B-41B2-802C-25E928D81EBB}.Ad-Hoc|x86.ActiveCfg = Debug|Any CPU
		{26E81F5C-351B-41B2-802C-25E928D81EBB}.Ad-Hoc|x86.Build.0 = Debug|Any CPU
		{26E81F5C-351B-41B2-802C-25E928D81EBB}.AppStore|Any CPU.ActiveCfg = Debug|Any CPU
		{26E81F5C-351B-41B2-802C-25E928D81EBB}.AppStore|Any CPU.Build.0 = Debug|Any CPU
		{26E81F5C-351B-41B2-802C-25E928D81EBB}.AppStore|ARM.ActiveCfg = Debug|Any CPU
		{26E81F5C-351B-41B2-802C-25E928D81EBB}.AppStore|ARM.Build.0 = Debug|Any CPU
		{26E81F5C-351B-41B2-802C-25E928D81EBB}.AppStore|ARM64.ActiveCfg = Debug|Any CPU
		{26E81F5C-351B-41B2-802C-25E928D81EBB}.AppStore|ARM64.Build.0 = Debug|Any CPU
		{26E81F5C-351B-41B2-802C-25E928D81EBB}.AppStore|iPhone.ActiveCfg = Debug|Any CPU
		{26E81F5C-351B-41B2-802C-25E928D81EBB}.AppStore|iPhone.Build.0 = Debug|Any CPU
		{26E81F5C-351B-41B2-802C-25E928D81EBB}.AppStore|iPhoneSimulator.ActiveCfg = Debug|Any CPU
		{26E81F5C-351B-41B2-802C-25E928D81EBB}.AppStore|iPhoneSimulator.Build.0 = Debug|Any CPU
		{26E81F5C-351B-41B2-802C-25E928D81EBB}.AppStore|x64.ActiveCfg = Debug|Any CPU
		{26E81F5C-351B-41B2-802C-25E928D81EBB}.AppStore|x64.Build.0 = Debug|Any CPU
		{26E81F5C-351B-41B2-802C-25E928D81EBB}.AppStore|x86.ActiveCfg = Debug|Any CPU
		{26E81F5C-351B-41B2-802C-25E928D81EBB}.AppStore|x86.Build.0 = Debug|Any CPU
		{26E81F5C-351B-41B2-802C-25E928D81EBB}.Debug|Any CPU.ActiveCfg = Debug|Any CPU
		{26E81F5C-351B-41B2-802C-25E928D81EBB}.Debug|Any CPU.Build.0 = Debug|Any CPU
		{26E81F5C-351B-41B2-802C-25E928D81EBB}.Debug|ARM.ActiveCfg = Debug|Any CPU
		{26E81F5C-351B-41B2-802C-25E928D81EBB}.Debug|ARM.Build.0 = Debug|Any CPU
		{26E81F5C-351B-41B2-802C-25E928D81EBB}.Debug|ARM64.ActiveCfg = Debug|Any CPU
		{26E81F5C-351B-41B2-802C-25E928D81EBB}.Debug|ARM64.Build.0 = Debug|Any CPU
		{26E81F5C-351B-41B2-802C-25E928D81EBB}.Debug|iPhone.ActiveCfg = Debug|Any CPU
		{26E81F5C-351B-41B2-802C-25E928D81EBB}.Debug|iPhone.Build.0 = Debug|Any CPU
		{26E81F5C-351B-41B2-802C-25E928D81EBB}.Debug|iPhoneSimulator.ActiveCfg = Debug|Any CPU
		{26E81F5C-351B-41B2-802C-25E928D81EBB}.Debug|iPhoneSimulator.Build.0 = Debug|Any CPU
		{26E81F5C-351B-41B2-802C-25E928D81EBB}.Debug|x64.ActiveCfg = Debug|Any CPU
		{26E81F5C-351B-41B2-802C-25E928D81EBB}.Debug|x64.Build.0 = Debug|Any CPU
		{26E81F5C-351B-41B2-802C-25E928D81EBB}.Debug|x86.ActiveCfg = Debug|Any CPU
		{26E81F5C-351B-41B2-802C-25E928D81EBB}.Debug|x86.Build.0 = Debug|Any CPU
		{26E81F5C-351B-41B2-802C-25E928D81EBB}.Release|Any CPU.ActiveCfg = Release|Any CPU
		{26E81F5C-351B-41B2-802C-25E928D81EBB}.Release|Any CPU.Build.0 = Release|Any CPU
		{26E81F5C-351B-41B2-802C-25E928D81EBB}.Release|ARM.ActiveCfg = Release|Any CPU
		{26E81F5C-351B-41B2-802C-25E928D81EBB}.Release|ARM.Build.0 = Release|Any CPU
		{26E81F5C-351B-41B2-802C-25E928D81EBB}.Release|ARM64.ActiveCfg = Release|Any CPU
		{26E81F5C-351B-41B2-802C-25E928D81EBB}.Release|ARM64.Build.0 = Release|Any CPU
		{26E81F5C-351B-41B2-802C-25E928D81EBB}.Release|iPhone.ActiveCfg = Release|Any CPU
		{26E81F5C-351B-41B2-802C-25E928D81EBB}.Release|iPhone.Build.0 = Release|Any CPU
		{26E81F5C-351B-41B2-802C-25E928D81EBB}.Release|iPhoneSimulator.ActiveCfg = Release|Any CPU
		{26E81F5C-351B-41B2-802C-25E928D81EBB}.Release|iPhoneSimulator.Build.0 = Release|Any CPU
		{26E81F5C-351B-41B2-802C-25E928D81EBB}.Release|x64.ActiveCfg = Release|Any CPU
		{26E81F5C-351B-41B2-802C-25E928D81EBB}.Release|x64.Build.0 = Release|Any CPU
		{26E81F5C-351B-41B2-802C-25E928D81EBB}.Release|x86.ActiveCfg = Release|Any CPU
		{26E81F5C-351B-41B2-802C-25E928D81EBB}.Release|x86.Build.0 = Release|Any CPU
	EndGlobalSection
	GlobalSection(SolutionProperties) = preSolution
		HideSolutionNode = FALSE
	EndGlobalSection
	GlobalSection(NestedProjects) = preSolution
		{2BDFD6AE-CFE8-4272-AB15-3BC648CB900F} = {14435C4C-D5B1-4900-B25C-4BF4AF5E0FD4}
		{ED59EE8A-908D-4189-A89E-1234793789A6} = {14435C4C-D5B1-4900-B25C-4BF4AF5E0FD4}
		{C83F7C07-1AFF-4015-8A95-5152368F093B} = {14435C4C-D5B1-4900-B25C-4BF4AF5E0FD4}
		{D1C2379B-845F-4D6D-93EE-D717602A94D4} = {14435C4C-D5B1-4900-B25C-4BF4AF5E0FD4}
		{F6A19049-3862-47B2-AEFA-CB62422EDDE4} = {14435C4C-D5B1-4900-B25C-4BF4AF5E0FD4}
		{0D823F40-064F-42B9-B4DB-EBB5E79FFED3} = {14435C4C-D5B1-4900-B25C-4BF4AF5E0FD4}
		{9B66FF38-E937-4DB8-978E-42EED0997CA6} = {14435C4C-D5B1-4900-B25C-4BF4AF5E0FD4}
		{2F11E63A-E5AA-40CA-9A3F-68964B9F8BC1} = {14435C4C-D5B1-4900-B25C-4BF4AF5E0FD4}
		{26E81F5C-351B-41B2-802C-25E928D81EBB} = {14435C4C-D5B1-4900-B25C-4BF4AF5E0FD4}
	EndGlobalSection
	GlobalSection(ExtensibilityGlobals) = postSolution
		SolutionGuid = {06FCE5B2-DCDB-4933-8945-90B976C5EBD1}
	EndGlobalSection
	GlobalSection(SharedMSBuildProjectFiles) = preSolution
		SampleComboBoxFlyout\SampleComboBoxFlyout.Shared\SampleComboBoxFlyout.Shared.projitems*{26e81f5c-351b-41b2-802c-25e928d81ebb}*SharedItemsImports = 5
		SampleComboBoxFlyout\SampleComboBoxFlyout.Shared\SampleComboBoxFlyout.Shared.projitems*{2bdfd6ae-cfe8-4272-ab15-3bc648cb900f}*SharedItemsImports = 4
		SampleComboBoxFlyout\SampleComboBoxFlyout.Shared\SampleComboBoxFlyout.Shared.projitems*{2f11e63a-e5aa-40ca-9a3f-68964b9f8bc1}*SharedItemsImports = 5
		SampleComboBoxFlyout\SampleComboBoxFlyout.Shared\SampleComboBoxFlyout.Shared.projitems*{6279c845-92f8-4333-ab99-3d213163593c}*SharedItemsImports = 13
		SampleComboBoxFlyout\SampleComboBoxFlyout.Shared\SampleComboBoxFlyout.Shared.projitems*{9b66ff38-e937-4db8-978e-42eed0997ca6}*SharedItemsImports = 5
		SampleComboBoxFlyout\SampleComboBoxFlyout.Shared\SampleComboBoxFlyout.Shared.projitems*{c83f7c07-1aff-4015-8a95-5152368f093b}*SharedItemsImports = 4
		SampleComboBoxFlyout\SampleComboBoxFlyout.Shared\SampleComboBoxFlyout.Shared.projitems*{d1c2379b-845f-4d6d-93ee-d717602a94d4}*SharedItemsImports = 5
		SampleComboBoxFlyout\SampleComboBoxFlyout.Shared\SampleComboBoxFlyout.Shared.projitems*{ed59ee8a-908d-4189-a89e-1234793789a6}*SharedItemsImports = 4
		SampleComboBoxFlyout\SampleComboBoxFlyout.Shared\SampleComboBoxFlyout.Shared.projitems*{f6a19049-3862-47b2-aefa-cb62422edde4}*SharedItemsImports = 4
	EndGlobalSection
EndGlobal
